
Microsoft Visual Studio Solution File, Format Version 12.00
# Visual Studio Version 16
VisualStudioVersion = 16.0.29411.108
MinimumVisualStudioVersion = 10.0.40219.1
Project("{9A19103F-16F7-4668-BE54-9A1E7A4F7556}") = "Storefront", "storefront\Storefront.csproj", "{822A5361-1366-4908-BC4D-1EAE4A72B906}"
EndProject
Project("{FAE04EC0-301F-11D3-BF4B-00C04F79EFBC}") = "Integration.Storm", "integration.storm\Integration.Storm.csproj", "{1FBFAED4-6F63-4D7E-8591-A84E3E209BBC}"
EndProject
Project("{FAE04EC0-301F-11D3-BF4B-00C04F79EFBC}") = "Model.Commerce", "Model.Commerce\Model.Commerce.csproj", "{98FA50CA-D290-47B1-A644-E26FFFD69B49}"
EndProject
Global
	GlobalSection(SolutionConfigurationPlatforms) = preSolution
		Debug|Any CPU = Debug|Any CPU
		Release|Any CPU = Release|Any CPU
	EndGlobalSection
	GlobalSection(ProjectConfigurationPlatforms) = postSolution
		{822A5361-1366-4908-BC4D-1EAE4A72B906}.Debug|Any CPU.ActiveCfg = Debug|Any CPU
		{822A5361-1366-4908-BC4D-1EAE4A72B906}.Debug|Any CPU.Build.0 = Debug|Any CPU
		{822A5361-1366-4908-BC4D-1EAE4A72B906}.Release|Any CPU.ActiveCfg = Release|Any CPU
		{822A5361-1366-4908-BC4D-1EAE4A72B906}.Release|Any CPU.Build.0 = Release|Any CPU
		{1FBFAED4-6F63-4D7E-8591-A84E3E209BBC}.Debug|Any CPU.ActiveCfg = Debug|Any CPU
		{1FBFAED4-6F63-4D7E-8591-A84E3E209BBC}.Debug|Any CPU.Build.0 = Debug|Any CPU
		{1FBFAED4-6F63-4D7E-8591-A84E3E209BBC}.Release|Any CPU.ActiveCfg = Release|Any CPU
		{1FBFAED4-6F63-4D7E-8591-A84E3E209BBC}.Release|Any CPU.Build.0 = Release|Any CPU
		{98FA50CA-D290-47B1-A644-E26FFFD69B49}.Debug|Any CPU.ActiveCfg = Debug|Any CPU
		{98FA50CA-D290-47B1-A644-E26FFFD69B49}.Debug|Any CPU.Build.0 = Debug|Any CPU
		{98FA50CA-D290-47B1-A644-E26FFFD69B49}.Release|Any CPU.ActiveCfg = Release|Any CPU
		{98FA50CA-D290-47B1-A644-E26FFFD69B49}.Release|Any CPU.Build.0 = Release|Any CPU
	EndGlobalSection
	GlobalSection(SolutionProperties) = preSolution
		HideSolutionNode = FALSE
	EndGlobalSection
	GlobalSection(ExtensibilityGlobals) = postSolution
		SolutionGuid = {FAE6AE73-8387-424A-82CF-92ADF8FA616A}
	EndGlobalSection
EndGlobal
